
Microsoft Visual Studio Solution File, Format Version 12.00
# Visual Studio Version 16
VisualStudioVersion = 16.0.28803.202
MinimumVisualStudioVersion = 10.0.40219.1
Project("{9A19103F-16F7-4668-BE54-9A1E7A4F7556}") = "Integracao", "Integracao\Integracao.csproj", "{EFA89400-C4AE-47DD-B4AE-5328B88D3C19}"
EndProject
Project("{FAE04EC0-301F-11D3-BF4B-00C04F79EFBC}") = "Integracao.Test", "Integracao.Test\Integracao.Test.csproj", "{945507EF-76B2-48C9-91A1-14A53D7088CD}"
EndProject
Global
	GlobalSection(SolutionConfigurationPlatforms) = preSolution
		Debug|Any CPU = Debug|Any CPU
		Release|Any CPU = Release|Any CPU
	EndGlobalSection
	GlobalSection(ProjectConfigurationPlatforms) = postSolution
		{EFA89400-C4AE-47DD-B4AE-5328B88D3C19}.Debug|Any CPU.ActiveCfg = Debug|Any CPU
		{EFA89400-C4AE-47DD-B4AE-5328B88D3C19}.Debug|Any CPU.Build.0 = Debug|Any CPU
		{EFA89400-C4AE-47DD-B4AE-5328B88D3C19}.Release|Any CPU.ActiveCfg = Release|Any CPU
		{EFA89400-C4AE-47DD-B4AE-5328B88D3C19}.Release|Any CPU.Build.0 = Release|Any CPU
		{945507EF-76B2-48C9-91A1-14A53D7088CD}.Debug|Any CPU.ActiveCfg = Debug|Any CPU
		{945507EF-76B2-48C9-91A1-14A53D7088CD}.Debug|Any CPU.Build.0 = Debug|Any CPU
		{945507EF-76B2-48C9-91A1-14A53D7088CD}.Release|Any CPU.ActiveCfg = Release|Any CPU
		{945507EF-76B2-48C9-91A1-14A53D7088CD}.Release|Any CPU.Build.0 = Release|Any CPU
	EndGlobalSection
	GlobalSection(SolutionProperties) = preSolution
		HideSolutionNode = FALSE
	EndGlobalSection
	GlobalSection(ExtensibilityGlobals) = postSolution
		SolutionGuid = {47F8EC45-97A4-4B30-B37C-488E0FB5CA1C}
	EndGlobalSection
EndGlobal
